// !$*UTF8*$!
{
	archiveVersion = 1;
	classes = {
	};
	objectVersion = 48;
	objects = {

/* Begin PBXBuildFile section */
		624C56481FD6A93600757CEE /* AppDelegate.m in Sources */ = {isa = PBXBuildFile; fileRef = 624C56471FD6A93600757CEE /* AppDelegate.m */; };
		624C564B1FD6A93600757CEE /* ViewController.m in Sources */ = {isa = PBXBuildFile; fileRef = 624C564A1FD6A93600757CEE /* ViewController.m */; };
		624C56501FD6A93600757CEE /* Assets.xcassets in Resources */ = {isa = PBXBuildFile; fileRef = 624C564F1FD6A93600757CEE /* Assets.xcassets */; };
		624C56531FD6A93600757CEE /* LaunchScreen.storyboard in Resources */ = {isa = PBXBuildFile; fileRef = 624C56511FD6A93600757CEE /* LaunchScreen.storyboard */; };
		624C56561FD6A93600757CEE /* main.m in Sources */ = {isa = PBXBuildFile; fileRef = 624C56551FD6A93600757CEE /* main.m */; };
		626CBEA71FE840BC00C702F5 /* SDPassportKit.bundle in Resources */ = {isa = PBXBuildFile; fileRef = 626CBEA61FE840BC00C702F5 /* SDPassportKit.bundle */; };
		6273DD5B1FE2811D0093F9AB /* SDPassportKit.framework in Frameworks */ = {isa = PBXBuildFile; fileRef = 6273DD5A1FE2811D0093F9AB /* SDPassportKit.framework */; };
		6273DD5E1FE284AF0093F9AB /* UserInfoModel.m in Sources */ = {isa = PBXBuildFile; fileRef = 6273DD5C1FE284AF0093F9AB /* UserInfoModel.m */; };
/* End PBXBuildFile section */

/* Begin PBXFileReference section */
		624C56431FD6A93600757CEE /* PassportDemo.app */ = {isa = PBXFileReference; explicitFileType = wrapper.application; includeInIndex = 0; path = PassportDemo.app; sourceTree = BUILT_PRODUCTS_DIR; };
		624C56461FD6A93600757CEE /* AppDelegate.h */ = {isa = PBXFileReference; lastKnownFileType = sourcecode.c.h; path = AppDelegate.h; sourceTree = "<group>"; };
		624C56471FD6A93600757CEE /* AppDelegate.m */ = {isa = PBXFileReference; lastKnownFileType = sourcecode.c.objc; path = AppDelegate.m; sourceTree = "<group>"; };
		624C56491FD6A93600757CEE /* ViewController.h */ = {isa = PBXFileReference; lastKnownFileType = sourcecode.c.h; path = ViewController.h; sourceTree = "<group>"; };
		624C564A1FD6A93600757CEE /* ViewController.m */ = {isa = PBXFileReference; lastKnownFileType = sourcecode.c.objc; path = ViewController.m; sourceTree = "<group>"; };
		624C564F1FD6A93600757CEE /* Assets.xcassets */ = {isa = PBXFileReference; lastKnownFileType = folder.assetcatalog; path = Assets.xcassets; sourceTree = "<group>"; };
		624C56521FD6A93600757CEE /* Base */ = {isa = PBXFileReference; lastKnownFileType = file.storyboard; name = Base; path = Base.lproj/LaunchScreen.storyboard; sourceTree = "<group>"; };
		624C56541FD6A93600757CEE /* Info.plist */ = {isa = PBXFileReference; lastKnownFileType = text.plist.xml; path = Info.plist; sourceTree = "<group>"; };
		624C56551FD6A93600757CEE /* main.m */ = {isa = PBXFileReference; lastKnownFileType = sourcecode.c.objc; path = main.m; sourceTree = "<group>"; };
		626CBEA61FE840BC00C702F5 /* SDPassportKit.bundle */ = {isa = PBXFileReference; lastKnownFileType = "wrapper.plug-in"; path = SDPassportKit.bundle; sourceTree = "<group>"; };
		6273DD5A1FE2811D0093F9AB /* SDPassportKit.framework */ = {isa = PBXFileReference; lastKnownFileType = wrapper.framework; path = SDPassportKit.framework; sourceTree = "<group>"; };
		6273DD5C1FE284AF0093F9AB /* UserInfoModel.m */ = {isa = PBXFileReference; fileEncoding = 4; lastKnownFileType = sourcecode.c.objc; path = UserInfoModel.m; sourceTree = "<group>"; };
		6273DD5D1FE284AF0093F9AB /* UserInfoModel.h */ = {isa = PBXFileReference; fileEncoding = 4; lastKnownFileType = sourcecode.c.h; path = UserInfoModel.h; sourceTree = "<group>"; };
/* End PBXFileReference section */

/* Begin PBXFrameworksBuildPhase section */
		624C56401FD6A93600757CEE /* Frameworks */ = {
			isa = PBXFrameworksBuildPhase;
			buildActionMask = 2147483647;
			files = (
				6273DD5B1FE2811D0093F9AB /* SDPassportKit.framework in Frameworks */,
			);
			runOnlyForDeploymentPostprocessing = 0;
		};
/* End PBXFrameworksBuildPhase section */

/* Begin PBXGroup section */
		624C563A1FD6A93600757CEE = {
			isa = PBXGroup;
			children = (
				624C56451FD6A93600757CEE /* PassportDemo */,
				6273DD591FE2811D0093F9AB /* Framework */,
				624C56441FD6A93600757CEE /* Products */,
			);
			sourceTree = "<group>";
		};
		624C56441FD6A93600757CEE /* Products */ = {
			isa = PBXGroup;
			children = (
				624C56431FD6A93600757CEE /* PassportDemo.app */,
			);
			name = Products;
			sourceTree = "<group>";
		};
		624C56451FD6A93600757CEE /* PassportDemo */ = {
			isa = PBXGroup;
			children = (
				624C56461FD6A93600757CEE /* AppDelegate.h */,
				624C56471FD6A93600757CEE /* AppDelegate.m */,
				624C56491FD6A93600757CEE /* ViewController.h */,
				624C564A1FD6A93600757CEE /* ViewController.m */,
				6273DD5D1FE284AF0093F9AB /* UserInfoModel.h */,
				6273DD5C1FE284AF0093F9AB /* UserInfoModel.m */,
				624C564F1FD6A93600757CEE /* Assets.xcassets */,
				624C56511FD6A93600757CEE /* LaunchScreen.storyboard */,
				624C56541FD6A93600757CEE /* Info.plist */,
				624C56551FD6A93600757CEE /* main.m */,
			);
			path = PassportDemo;
			sourceTree = "<group>";
		};
		6273DD591FE2811D0093F9AB /* Framework */ = {
			isa = PBXGroup;
			children = (
				626CBEA61FE840BC00C702F5 /* SDPassportKit.bundle */,
				6273DD5A1FE2811D0093F9AB /* SDPassportKit.framework */,
			);
			path = Framework;
			sourceTree = SOURCE_ROOT;
		};
/* End PBXGroup section */

/* Begin PBXNativeTarget section */
		624C56421FD6A93600757CEE /* PassportDemo */ = {
			isa = PBXNativeTarget;
			buildConfigurationList = 624C56591FD6A93600757CEE /* Build configuration list for PBXNativeTarget "PassportDemo" */;
			buildPhases = (
				624C563F1FD6A93600757CEE /* Sources */,
				624C56401FD6A93600757CEE /* Frameworks */,
				624C56411FD6A93600757CEE /* Resources */,
			);
			buildRules = (
			);
			dependencies = (
			);
			name = PassportDemo;
			productName = PassportDemo;
			productReference = 624C56431FD6A93600757CEE /* PassportDemo.app */;
			productType = "com.apple.product-type.application";
		};
/* End PBXNativeTarget section */

/* Begin PBXProject section */
		624C563B1FD6A93600757CEE /* Project object */ = {
			isa = PBXProject;
			attributes = {
				LastUpgradeCheck = 0900;
				ORGANIZATIONNAME = Qizhigang;
				TargetAttributes = {
					624C56421FD6A93600757CEE = {
						CreatedOnToolsVersion = 9.0.1;
						ProvisioningStyle = Automatic;
					};
				};
			};
			buildConfigurationList = 624C563E1FD6A93600757CEE /* Build configuration list for PBXProject "PassportDemo" */;
			compatibilityVersion = "Xcode 8.0";
			developmentRegion = en;
			hasScannedForEncodings = 0;
			knownRegions = (
				en,
				Base,
			);
			mainGroup = 624C563A1FD6A93600757CEE;
			productRefGroup = 624C56441FD6A93600757CEE /* Products */;
			projectDirPath = "";
			projectRoot = "";
			targets = (
				624C56421FD6A93600757CEE /* PassportDemo */,
			);
		};
/* End PBXProject section */

/* Begin PBXResourcesBuildPhase section */
		624C56411FD6A93600757CEE /* Resources */ = {
			isa = PBXResourcesBuildPhase;
			buildActionMask = 2147483647;
			files = (
				626CBEA71FE840BC00C702F5 /* SDPassportKit.bundle in Resources */,
				624C56531FD6A93600757CEE /* LaunchScreen.storyboard in Resources */,
				624C56501FD6A93600757CEE /* Assets.xcassets in Resources */,
			);
			runOnlyForDeploymentPostprocessing = 0;
		};
/* End PBXResourcesBuildPhase section */

/* Begin PBXSourcesBuildPhase section */
		624C563F1FD6A93600757CEE /* Sources */ = {
			isa = PBXSourcesBuildPhase;
			buildActionMask = 2147483647;
			files = (
				624C564B1FD6A93600757CEE /* ViewController.m in Sources */,
				624C56561FD6A93600757CEE /* main.m in Sources */,
				6273DD5E1FE284AF0093F9AB /* UserInfoModel.m in Sources */,
				624C56481FD6A93600757CEE /* AppDelegate.m in Sources */,
			);
			runOnlyForDeploymentPostprocessing = 0;
		};
/* End PBXSourcesBuildPhase section */

/* Begin PBXVariantGroup section */
		624C56511FD6A93600757CEE /* LaunchScreen.storyboard */ = {
			isa = PBXVariantGroup;
			children = (
				624C56521FD6A93600757CEE /* Base */,
			);
			name = LaunchScreen.storyboard;
			sourceTree = "<group>";
		};
/* End PBXVariantGroup section */

/* Begin XCBuildConfiguration section */
		624C56571FD6A93600757CEE /* Debug */ = {
			isa = XCBuildConfiguration;
			buildSettings = {
				ALWAYS_SEARCH_USER_PATHS = NO;
				CLANG_ANALYZER_NONNULL = YES;
				CLANG_ANALYZER_NUMBER_OBJECT_CONVERSION = YES_AGGRESSIVE;
				CLANG_CXX_LANGUAGE_STANDARD = "gnu++14";
				CLANG_CXX_LIBRARY = "libc++";
				CLANG_ENABLE_MODULES = YES;
				CLANG_ENABLE_OBJC_ARC = YES;
				CLANG_WARN_BLOCK_CAPTURE_AUTORELEASING = YES;
				CLANG_WARN_BOOL_CONVERSION = YES;
				CLANG_WARN_COMMA = YES;
				CLANG_WARN_CONSTANT_CONVERSION = YES;
				CLANG_WARN_DIRECT_OBJC_ISA_USAGE = YES_ERROR;
				CLANG_WARN_DOCUMENTATION_COMMENTS = YES;
				CLANG_WARN_EMPTY_BODY = YES;
				CLANG_WARN_ENUM_CONVERSION = YES;
				CLANG_WARN_INFINITE_RECURSION = YES;
				CLANG_WARN_INT_CONVERSION = YES;
				CLANG_WARN_NON_LITERAL_NULL_CONVERSION = YES;
				CLANG_WARN_OBJC_LITERAL_CONVERSION = YES;
				CLANG_WARN_OBJC_ROOT_CLASS = YES_ERROR;
				CLANG_WARN_RANGE_LOOP_ANALYSIS = YES;
				CLANG_WARN_STRICT_PROTOTYPES = YES;
				CLANG_WARN_SUSPICIOUS_MOVE = YES;
				CLANG_WARN_UNGUARDED_AVAILABILITY = YES_AGGRESSIVE;
				CLANG_WARN_UNREACHABLE_CODE = YES;
				CLANG_WARN__DUPLICATE_METHOD_MATCH = YES;
				CODE_SIGN_IDENTITY = "iPhone Developer";
				COPY_PHASE_STRIP = NO;
				DEBUG_INFORMATION_FORMAT = dwarf;
				ENABLE_STRICT_OBJC_MSGSEND = YES;
				ENABLE_TESTABILITY = YES;
				GCC_C_LANGUAGE_STANDARD = gnu11;
				GCC_DYNAMIC_NO_PIC = NO;
				GCC_NO_COMMON_BLOCKS = YES;
				GCC_OPTIMIZATION_LEVEL = 0;
				GCC_PREPROCESSOR_DEFINITIONS = (
					"DEBUG=1",
					"$(inherited)",
				);
				GCC_WARN_64_TO_32_BIT_CONVERSION = YES;
				GCC_WARN_ABOUT_RETURN_TYPE = YES_ERROR;
				GCC_WARN_UNDECLARED_SELECTOR = YES;
				GCC_WARN_UNINITIALIZED_AUTOS = YES_AGGRESSIVE;
				GCC_WARN_UNUSED_FUNCTION = YES;
				GCC_WARN_UNUSED_VARIABLE = YES;
				IPHONEOS_DEPLOYMENT_TARGET = 11.0;
				MTL_ENABLE_DEBUG_INFO = YES;
				ONLY_ACTIVE_ARCH = YES;
				SDKROOT = iphoneos;
			};
			name = Debug;
		};
		624C56581FD6A93600757CEE /* Release */ = {
			isa = XCBuildConfiguration;
			buildSettings = {
				ALWAYS_SEARCH_USER_PATHS = NO;
				CLANG_ANALYZER_NONNULL = YES;
				CLANG_ANALYZER_NUMBER_OBJECT_CONVERSION = YES_AGGRESSIVE;
				CLANG_CXX_LANGUAGE_STANDARD = "gnu++14";
				CLANG_CXX_LIBRARY = "libc++";
				CLANG_ENABLE_MODULES = YES;
				CLANG_ENABLE_OBJC_ARC = YES;
				CLANG_WARN_BLOCK_CAPTURE_AUTORELEASING = YES;
				CLANG_WARN_BOOL_CONVERSION = YES;
				CLANG_WARN_COMMA = YES;
				CLANG_WARN_CONSTANT_CONVERSION = YES;
				CLANG_WARN_DIRECT_OBJC_ISA_USAGE = YES_ERROR;
				CLANG_WARN_DOCUMENTATION_COMMENTS = YES;
				CLANG_WARN_EMPTY_BODY = YES;
				CLANG_WARN_ENUM_CONVERSION = YES;
				CLANG_WARN_INFINITE_RECURSION = YES;
				CLANG_WARN_INT_CONVERSION = YES;
				CLANG_WARN_NON_LITERAL_NULL_CONVERSION = YES;
				CLANG_WARN_OBJC_LITERAL_CONVERSION = YES;
				CLANG_WARN_OBJC_ROOT_CLASS = YES_ERROR;
				CLANG_WARN_RANGE_LOOP_ANALYSIS = YES;
				CLANG_WARN_STRICT_PROTOTYPES = YES;
				CLANG_WARN_SUSPICIOUS_MOVE = YES;
				CLANG_WARN_UNGUARDED_AVAILABILITY = YES_AGGRESSIVE;
				CLANG_WARN_UNREACHABLE_CODE = YES;
				CLANG_WARN__DUPLICATE_METHOD_MATCH = YES;
				CODE_SIGN_IDENTITY = "iPhone Developer";
				COPY_PHASE_STRIP = NO;
				DEBUG_INFORMATION_FORMAT = "dwarf-with-dsym";
				ENABLE_NS_ASSERTIONS = NO;
				ENABLE_STRICT_OBJC_MSGSEND = YES;
				GCC_C_LANGUAGE_STANDARD = gnu11;
				GCC_NO_COMMON_BLOCKS = YES;
				GCC_WARN_64_TO_32_BIT_CONVERSION = YES;
				GCC_WARN_ABOUT_RETURN_TYPE = YES_ERROR;
				GCC_WARN_UNDECLARED_SELECTOR = YES;
				GCC_WARN_UNINITIALIZED_AUTOS = YES_AGGRESSIVE;
				GCC_WARN_UNUSED_FUNCTION = YES;
				GCC_WARN_UNUSED_VARIABLE = YES;
				IPHONEOS_DEPLOYMENT_TARGET = 11.0;
				MTL_ENABLE_DEBUG_INFO = NO;
				SDKROOT = iphoneos;
				VALIDATE_PRODUCT = YES;
			};
			name = Release;
		};
		624C565A1FD6A93600757CEE /* Debug */ = {
			isa = XCBuildConfiguration;
			buildSettings = {
				ASSETCATALOG_COMPILER_APPICON_NAME = AppIcon;
				ASSETCATALOG_COMPILER_LAUNCHIMAGE_NAME = LaunchImage;
				CODE_SIGN_STYLE = Automatic;
				DEVELOPMENT_TEAM = 6R96G99U5F;
				ENABLE_BITCODE = NO;
				FRAMEWORK_SEARCH_PATHS = (
					"$(inherited)",
					"$(PROJECT_DIR)/Framework",
				);
				INFOPLIST_FILE = PassportDemo/Info.plist;
				IPHONEOS_DEPLOYMENT_TARGET = 8.0;
				LD_RUNPATH_SEARCH_PATHS = "$(inherited) @executable_path/Frameworks";
				OTHER_LDFLAGS = "-ObjC";
				PRODUCT_BUNDLE_IDENTIFIER = com.seedland.Demo.TestPassport;
				PRODUCT_NAME = "$(TARGET_NAME)";
				TARGETED_DEVICE_FAMILY = 1;
				USER_HEADER_SEARCH_PATHS = "$(PROJECT_DIR)/Framework/SDPassportKit.framework/Headers";
			};
			name = Debug;
		};
		624C565B1FD6A93600757CEE /* Release */ = {
			isa = XCBuildConfiguration;
			buildSettings = {
				ASSETCATALOG_COMPILER_APPICON_NAME = AppIcon;
				ASSETCATALOG_COMPILER_LAUNCHIMAGE_NAME = LaunchImage;
				CODE_SIGN_STYLE = Automatic;
				DEVELOPMENT_TEAM = 6R96G99U5F;
				ENABLE_BITCODE = NO;
				FRAMEWORK_SEARCH_PATHS = (
					"$(inherited)",
					"$(PROJECT_DIR)/Framework",
				);
				INFOPLIST_FILE = PassportDemo/Info.plist;
				IPHONEOS_DEPLOYMENT_TARGET = 8.0;
				LD_RUNPATH_SEARCH_PATHS = "$(inherited) @executable_path/Frameworks";
				OTHER_LDFLAGS = "-ObjC";
				PRODUCT_BUNDLE_IDENTIFIER = com.seedland.Demo.TestPassport;
				PRODUCT_NAME = "$(TARGET_NAME)";
				TARGETED_DEVICE_FAMILY = 1;
				USER_HEADER_SEARCH_PATHS = "$(PROJECT_DIR)/Framework/SDPassportKit.framework/Headers";
			};
			name = Release;
		};
/* End XCBuildConfiguration section */

/* Begin XCConfigurationList section */
		624C563E1FD6A93600757CEE /* Build configuration list for PBXProject "PassportDemo" */ = {
			isa = XCConfigurationList;
			buildConfigurations = (
				624C56571FD6A93600757CEE /* Debug */,
				624C56581FD6A93600757CEE /* Release */,
			);
			defaultConfigurationIsVisible = 0;
			defaultConfigurationName = Release;
		};
		624C56591FD6A93600757CEE /* Build configuration list for PBXNativeTarget "PassportDemo" */ = {
			isa = XCConfigurationList;
			buildConfigurations = (
				624C565A1FD6A93600757CEE /* Debug */,
				624C565B1FD6A93600757CEE /* Release */,
			);
			defaultConfigurationIsVisible = 0;
			defaultConfigurationName = Release;
		};
/* End XCConfigurationList section */
	};
	rootObject = 624C563B1FD6A93600757CEE /* Project object */;
}
